
Microsoft Visual Studio Solution File, Format Version 12.00
# Visual Studio Version 17
VisualStudioVersion = 17.14.36221.1 d17.14
MinimumVisualStudioVersion = 10.0.40219.1
Project("{FAE04EC0-301F-11D3-BF4B-00C04F79EFBC}") = "AvaloniaJSHost", "AvaloniaJSHost.csproj", "{32F4B9BD-1985-3AD7-989A-ECC18B6E85ED}"
EndProject
Project("{FAE04EC0-301F-11D3-BF4B-00C04F79EFBC}") = "AvaloniaJSHost.Browser", "..\AvaloniaJSHost.Browser\AvaloniaJSHost.Browser.csproj", "{D37F5B21-4F4D-B58D-EB4A-3370DE3C965D}"
EndProject
Project("{FAE04EC0-301F-11D3-BF4B-00C04F79EFBC}") = "AvaloniaJSHost.Desktop", "..\AvaloniaJSHost.Desktop\AvaloniaJSHost.Desktop.csproj", "{B9A60695-D018-DD16-BC1B-7C06BF279854}"
EndProject
Global
	GlobalSection(SolutionConfigurationPlatforms) = preSolution
		Debug|Any CPU = Debug|Any CPU
		Release|Any CPU = Release|Any CPU
	EndGlobalSection
	GlobalSection(ProjectConfigurationPlatforms) = postSolution
		{32F4B9BD-1985-3AD7-989A-ECC18B6E85ED}.Debug|Any CPU.ActiveCfg = Debug|Any CPU
		{32F4B9BD-1985-3AD7-989A-ECC18B6E85ED}.Debug|Any CPU.Build.0 = Debug|Any CPU
		{32F4B9BD-1985-3AD7-989A-ECC18B6E85ED}.Release|Any CPU.ActiveCfg = Release|Any CPU
		{32F4B9BD-1985-3AD7-989A-ECC18B6E85ED}.Release|Any CPU.Build.0 = Release|Any CPU
		{D37F5B21-4F4D-B58D-EB4A-3370DE3C965D}.Debug|Any CPU.ActiveCfg = Debug|Any CPU
		{D37F5B21-4F4D-B58D-EB4A-3370DE3C965D}.Debug|Any CPU.Build.0 = Debug|Any CPU
		{D37F5B21-4F4D-B58D-EB4A-3370DE3C965D}.Release|Any CPU.ActiveCfg = Release|Any CPU
		{D37F5B21-4F4D-B58D-EB4A-3370DE3C965D}.Release|Any CPU.Build.0 = Release|Any CPU
		{B9A60695-D018-DD16-BC1B-7C06BF279854}.Debug|Any CPU.ActiveCfg = Debug|Any CPU
		{B9A60695-D018-DD16-BC1B-7C06BF279854}.Debug|Any CPU.Build.0 = Debug|Any CPU
		{B9A60695-D018-DD16-BC1B-7C06BF279854}.Release|Any CPU.ActiveCfg = Release|Any CPU
		{B9A60695-D018-DD16-BC1B-7C06BF279854}.Release|Any CPU.Build.0 = Release|Any CPU
	EndGlobalSection
	GlobalSection(SolutionProperties) = preSolution
		HideSolutionNode = FALSE
	EndGlobalSection
	GlobalSection(ExtensibilityGlobals) = postSolution
		SolutionGuid = {CDB9E8C8-638C-441C-805F-4063D0B42B89}
	EndGlobalSection
EndGlobal
